{
  "nodes": {
    "colorshell": {
      "inputs": {
        "flake-parts": "flake-parts",
        "home-manager": "home-manager",
        "nixpkgs": [
          "nixpkgs"
        ]
      },
      "locked": {
        "lastModified": 1788118140,
        "narHash": "sha256-dc+T0yGFHrngsXfFl+2C4loG0FTVJzVV8EfCWhelCP4=",
        "owner": "retrozinndev",
        "repo": "colorshell",
        "rev": "154a10a5abcb3f68a5e7336add78662dce5dccf8",
        "type": "github"
      },
      "original": {
        "owner": "retrozinndev",
        "ref": "154a10a",
        "repo": "colorshell",
        "type": "github"
      }
    },
    "flake-parts": {
      "inputs": {
        "nixpkgs-lib": "nixpkgs-lib"
      },
      "locked": {
        "lastModified": 1772408722,
        "narHash": "sha256-rHuJtdcOjK7rAHpHphUb1iCvgkU3GpfvicLMwwnfMT0=",
        "owner": "hercules-ci",
        "repo": "flake-parts",
        "rev": "f20dc5d9b8027381c474144ecabc9034d6a839a3",
        "type": "github"
      },
      "original": {
        "owner": "hercules-ci",
        "repo": "flake-parts",
        "type": "github"
      }
    },
    "home-manager": {
      "inputs": {
        "nixpkgs": [
          "colorshell",
          "nixpkgs"
        ]
      },
      "locked": {
        "lastModified": 1787176219,
        "narHash": "sha256-djoRr6jBpe35q/0JwAvXpFXg1Ktf+X54NU2RLR7wnHw=",
        "owner": "nix-community",
        "repo": "home-manager",
        "rev": "c53d643b3737e2fcd04e6cb3b3580ef50b2087a0",
        "type": "github"
      },
      "original": {
        "owner": "nix-community",
        "repo": "home-manager",
        "type": "github"
      }
    },
    "home-manager_2": {
      "inputs": {
        "nixpkgs": [
          "nixpkgs"
        ]
      },
      "locked": {
        "lastModified": 1790996401,
        "narHash": "sha256-f+kOxEmOUnQazVAmGg0i8hzwgd1kX/geY+k/Dpheye8=",
        "owner": "nix-community",
        "repo": "home-manager",
        "rev": "db7d5e2332710f5abb088f6b5de927d7f9511b35",
        "type": "github"
      },
      "original": {
        "owner": "nix-community",
        "ref": "release-26.05",
        "repo": "home-manager",
        "type": "github"
      }
    },
    "nixpkgs": {
      "locked": {
        "lastModified": 1791143449,
        "narHash": "sha256-9+n3ReS2y9xS199LoJjKUWHwZrISGHWgkD/LUZTDZyA=",
        "ref": "nixos-26.05",
        "rev": "0d9e9b832d03ac387417e16ce1febf73b2e631e1",
        "revCount": 1015507,
        "type": "git",
        "url": "https://github.com/NixOS/nixpkgs.git"
      },
      "original": {
        "ref": "nixos-26.05",
        "type": "git",
        "url": "https://github.com/NixOS/nixpkgs.git"
      }
    },
    "nixpkgs-lib": {
      "locked": {
        "lastModified": 1772328832,
        "narHash": "sha256-e+/T/pmEkLP6BHhYjx6GmwP5ivonQQn0bJdH9YrRB+Q=",
        "owner": "nix-community",
        "repo": "nixpkgs.lib",
        "rev": "c185c7a5e5dd8f9add5b2f8ebeff00888b070742",
        "type": "github"
      },
      "original": {
        "owner": "nix-community",
        "repo": "nixpkgs.lib",
        "type": "github"
      }
    },
    "root": {
      "inputs": {
        "colorshell": "colorshell",
        "home-manager": "home-manager_2",
        "nixpkgs": "nixpkgs"
      }
    }
  },
  "root": "root",
  "version": 7
}
